
Microsoft Visual Studio Solution File, Format Version 12.00
# Visual Studio Version 17
VisualStudioVersion = 17.9.34728.123
MinimumVisualStudioVersion = 10.0.40219.1
Project("{8BC9CEB8-8B4A-11D0-8D11-00A0C91BC942}") = "POTD - June14 2024", "POTD - June14 2024\POTD - June14 2024.vcxproj", "{65E3787B-7D4D-4AD8-9296-FFA5744E9F7D}"
EndProject
Project("{8BC9CEB8-8B4A-11D0-8D11-00A0C91BC942}") = "POTD - June13 2024", "POTD - June13 2024\POTD - June13 2024.vcxproj", "{90FF98A4-F601-4447-9957-90A412372B85}"
EndProject
Project("{2150E333-8FDC-42A3-9474-1A3956D46DE8}") = "POTD Series", "POTD Series", "{08A18FD2-10EF-49D5-B0AA-BF3B25B69A91}"
EndProject
Project("{8BC9CEB8-8B4A-11D0-8D11-00A0C91BC942}") = "POTD - June11 2024", "POTD - June11 2024\POTD - June11 2024.vcxproj", "{71C5F256-F2D1-4238-B1E1-07C43C99B6E3}"
EndProject
Project("{8BC9CEB8-8B4A-11D0-8D11-00A0C91BC942}") = "POTD - June15 2024", "POTD - June15 2024\POTD - June15 2024.vcxproj", "{6474E011-A7FC-49B2-B77A-74047A0F0AA5}"
EndProject
Project("{2150E333-8FDC-42A3-9474-1A3956D46DE8}") = "Other problems", "Other problems", "{A62D5F54-1BC2-484F-94D4-B8BBA00D2C88}"
EndProject
Project("{8BC9CEB8-8B4A-11D0-8D11-00A0C91BC942}") = "Easy-01-Power_of_2", "Easy-01-Power_of_2\Easy-01-Power_of_2.vcxproj", "{49371BDC-1B06-4FBA-95E5-553BFCB96ED5}"
EndProject
Project("{2150E333-8FDC-42A3-9474-1A3956D46DE8}") = "Self-guided sprints", "Self-guided sprints", "{3451333D-02FC-480A-BA29-6101817647F5}"
EndProject
Project("{2150E333-8FDC-42A3-9474-1A3956D46DE8}") = "GFG Sprints", "GFG Sprints", "{EE438611-C316-4633-9011-A681A7CF87C5}"
EndProject
Project("{8BC9CEB8-8B4A-11D0-8D11-00A0C91BC942}") = "Easy-02-Second_Largest", "Easy-02-Second_Largest\Easy-02-Second_Largest.vcxproj", "{F4E301B5-64F5-47E3-928D-6A4CAE164C70}"
EndProject
Global
	GlobalSection(SolutionConfigurationPlatforms) = preSolution
		Debug|x64 = Debug|x64
		Debug|x86 = Debug|x86
		Release|x64 = Release|x64
		Release|x86 = Release|x86
	EndGlobalSection
	GlobalSection(ProjectConfigurationPlatforms) = postSolution
		{65E3787B-7D4D-4AD8-9296-FFA5744E9F7D}.Debug|x64.ActiveCfg = Debug|x64
		{65E3787B-7D4D-4AD8-9296-FFA5744E9F7D}.Debug|x64.Build.0 = Debug|x64
		{65E3787B-7D4D-4AD8-9296-FFA5744E9F7D}.Debug|x86.ActiveCfg = Debug|Win32
		{65E3787B-7D4D-4AD8-9296-FFA5744E9F7D}.Debug|x86.Build.0 = Debug|Win32
		{65E3787B-7D4D-4AD8-9296-FFA5744E9F7D}.Release|x64.ActiveCfg = Release|x64
		{65E3787B-7D4D-4AD8-9296-FFA5744E9F7D}.Release|x64.Build.0 = Release|x64
		{65E3787B-7D4D-4AD8-9296-FFA5744E9F7D}.Release|x86.ActiveCfg = Release|Win32
		{65E3787B-7D4D-4AD8-9296-FFA5744E9F7D}.Release|x86.Build.0 = Release|Win32
		{90FF98A4-F601-4447-9957-90A412372B85}.Debug|x64.ActiveCfg = Debug|x64
		{90FF98A4-F601-4447-9957-90A412372B85}.Debug|x64.Build.0 = Debug|x64
		{90FF98A4-F601-4447-9957-90A412372B85}.Debug|x86.ActiveCfg = Debug|Win32
		{90FF98A4-F601-4447-9957-90A412372B85}.Debug|x86.Build.0 = Debug|Win32
		{90FF98A4-F601-4447-9957-90A412372B85}.Release|x64.ActiveCfg = Release|x64
		{90FF98A4-F601-4447-9957-90A412372B85}.Release|x64.Build.0 = Release|x64
		{90FF98A4-F601-4447-9957-90A412372B85}.Release|x86.ActiveCfg = Release|Win32
		{90FF98A4-F601-4447-9957-90A412372B85}.Release|x86.Build.0 = Release|Win32
		{71C5F256-F2D1-4238-B1E1-07C43C99B6E3}.Debug|x64.ActiveCfg = Debug|x64
		{71C5F256-F2D1-4238-B1E1-07C43C99B6E3}.Debug|x64.Build.0 = Debug|x64
		{71C5F256-F2D1-4238-B1E1-07C43C99B6E3}.Debug|x86.ActiveCfg = Debug|Win32
		{71C5F256-F2D1-4238-B1E1-07C43C99B6E3}.Debug|x86.Build.0 = Debug|Win32
		{71C5F256-F2D1-4238-B1E1-07C43C99B6E3}.Release|x64.ActiveCfg = Release|x64
		{71C5F256-F2D1-4238-B1E1-07C43C99B6E3}.Release|x64.Build.0 = Release|x64
		{71C5F256-F2D1-4238-B1E1-07C43C99B6E3}.Release|x86.ActiveCfg = Release|Win32
		{71C5F256-F2D1-4238-B1E1-07C43C99B6E3}.Release|x86.Build.0 = Release|Win32
		{6474E011-A7FC-49B2-B77A-74047A0F0AA5}.Debug|x64.ActiveCfg = Debug|x64
		{6474E011-A7FC-49B2-B77A-74047A0F0AA5}.Debug|x64.Build.0 = Debug|x64
		{6474E011-A7FC-49B2-B77A-74047A0F0AA5}.Debug|x86.ActiveCfg = Debug|Win32
		{6474E011-A7FC-49B2-B77A-74047A0F0AA5}.Debug|x86.Build.0 = Debug|Win32
		{6474E011-A7FC-49B2-B77A-74047A0F0AA5}.Release|x64.ActiveCfg = Release|x64
		{6474E011-A7FC-49B2-B77A-74047A0F0AA5}.Release|x64.Build.0 = Release|x64
		{6474E011-A7FC-49B2-B77A-74047A0F0AA5}.Release|x86.ActiveCfg = Release|Win32
		{6474E011-A7FC-49B2-B77A-74047A0F0AA5}.Release|x86.Build.0 = Release|Win32
		{49371BDC-1B06-4FBA-95E5-553BFCB96ED5}.Debug|x64.ActiveCfg = Debug|x64
		{49371BDC-1B06-4FBA-95E5-553BFCB96ED5}.Debug|x64.Build.0 = Debug|x64
		{49371BDC-1B06-4FBA-95E5-553BFCB96ED5}.Debug|x86.ActiveCfg = Debug|Win32
		{49371BDC-1B06-4FBA-95E5-553BFCB96ED5}.Debug|x86.Build.0 = Debug|Win32
		{49371BDC-1B06-4FBA-95E5-553BFCB96ED5}.Release|x64.ActiveCfg = Release|x64
		{49371BDC-1B06-4FBA-95E5-553BFCB96ED5}.Release|x64.Build.0 = Release|x64
		{49371BDC-1B06-4FBA-95E5-553BFCB96ED5}.Release|x86.ActiveCfg = Release|Win32
		{49371BDC-1B06-4FBA-95E5-553BFCB96ED5}.Release|x86.Build.0 = Release|Win32
		{F4E301B5-64F5-47E3-928D-6A4CAE164C70}.Debug|x64.ActiveCfg = Debug|x64
		{F4E301B5-64F5-47E3-928D-6A4CAE164C70}.Debug|x64.Build.0 = Debug|x64
		{F4E301B5-64F5-47E3-928D-6A4CAE164C70}.Debug|x86.ActiveCfg = Debug|Win32
		{F4E301B5-64F5-47E3-928D-6A4CAE164C70}.Debug|x86.Build.0 = Debug|Win32
		{F4E301B5-64F5-47E3-928D-6A4CAE164C70}.Release|x64.ActiveCfg = Release|x64
		{F4E301B5-64F5-47E3-928D-6A4CAE164C70}.Release|x64.Build.0 = Release|x64
		{F4E301B5-64F5-47E3-928D-6A4CAE164C70}.Release|x86.ActiveCfg = Release|Win32
		{F4E301B5-64F5-47E3-928D-6A4CAE164C70}.Release|x86.Build.0 = Release|Win32
	EndGlobalSection
	GlobalSection(SolutionProperties) = preSolution
		HideSolutionNode = FALSE
	EndGlobalSection
	GlobalSection(NestedProjects) = preSolution
		{65E3787B-7D4D-4AD8-9296-FFA5744E9F7D} = {08A18FD2-10EF-49D5-B0AA-BF3B25B69A91}
		{90FF98A4-F601-4447-9957-90A412372B85} = {08A18FD2-10EF-49D5-B0AA-BF3B25B69A91}
		{71C5F256-F2D1-4238-B1E1-07C43C99B6E3} = {08A18FD2-10EF-49D5-B0AA-BF3B25B69A91}
		{6474E011-A7FC-49B2-B77A-74047A0F0AA5} = {08A18FD2-10EF-49D5-B0AA-BF3B25B69A91}
		{49371BDC-1B06-4FBA-95E5-553BFCB96ED5} = {A62D5F54-1BC2-484F-94D4-B8BBA00D2C88}
		{F4E301B5-64F5-47E3-928D-6A4CAE164C70} = {A62D5F54-1BC2-484F-94D4-B8BBA00D2C88}
	EndGlobalSection
	GlobalSection(ExtensibilityGlobals) = postSolution
		SolutionGuid = {A4DE9BF0-C6A4-4B83-A646-EA124CA18D98}
	EndGlobalSection
EndGlobal
